
Microsoft Visual Studio Solution File, Format Version 12.00
# Visual Studio 15
Project("{FAE04EC0-301F-11D3-BF4B-00C04F79EFBC}") = "FirstExample", "FirstExample\FirstExample.csproj", "{C04F1527-9617-47EA-89C6-F897A77226FD}"
EndProject
Global
	GlobalSection(SolutionConfigurationPlatforms) = preSolution
		Debug|Any CPU = Debug|Any CPU
		Release|Any CPU = Release|Any CPU
	EndGlobalSection
	GlobalSection(ProjectConfigurationPlatforms) = postSolution
		{C04F1527-9617-47EA-89C6-F897A77226FD}.Debug|Any CPU.ActiveCfg = Debug|Any CPU
		{C04F1527-9617-47EA-89C6-F897A77226FD}.Debug|Any CPU.Build.0 = Debug|Any CPU
		{C04F1527-9617-47EA-89C6-F897A77226FD}.Release|Any CPU.ActiveCfg = Release|Any CPU
		{C04F1527-9617-47EA-89C6-F897A77226FD}.Release|Any CPU.Build.0 = Release|Any CPU
	EndGlobalSection
EndGlobal
